
Microsoft Visual Studio Solution File, Format Version 12.00
# Visual Studio Version 17
VisualStudioVersion = 17.10.35122.118
MinimumVisualStudioVersion = 10.0.40219.1
Project("{FAE04EC0-301F-11D3-BF4B-00C04F79EFBC}") = "Lab8", "Lab8.csproj", "{683A943F-DAE1-46E5-AF10-FF7FBE90D68C}"
EndProject
Global
	GlobalSection(SolutionConfigurationPlatforms) = preSolution
		Debug|Any CPU = Debug|Any CPU
		Release|Any CPU = Release|Any CPU
	EndGlobalSection
	GlobalSection(ProjectConfigurationPlatforms) = postSolution
		{683A943F-DAE1-46E5-AF10-FF7FBE90D68C}.Debug|Any CPU.ActiveCfg = Debug|Any CPU
		{683A943F-DAE1-46E5-AF10-FF7FBE90D68C}.Debug|Any CPU.Build.0 = Debug|Any CPU
		{683A943F-DAE1-46E5-AF10-FF7FBE90D68C}.Release|Any CPU.ActiveCfg = Release|Any CPU
		{683A943F-DAE1-46E5-AF10-FF7FBE90D68C}.Release|Any CPU.Build.0 = Release|Any CPU
	EndGlobalSection
	GlobalSection(SolutionProperties) = preSolution
		HideSolutionNode = FALSE
	EndGlobalSection
	GlobalSection(ExtensibilityGlobals) = postSolution
		SolutionGuid = {B6235906-894D-4E3E-8218-CFD13E2D095B}
	EndGlobalSection
EndGlobal
